
Microsoft Visual Studio Solution File, Format Version 12.00
# Visual Studio Version 17
VisualStudioVersion = 17.7.34302.85
MinimumVisualStudioVersion = 10.0.40219.1
Project("{FAE04EC0-301F-11D3-BF4B-00C04F79EFBC}") = "Contacts-Managment", "Contacts-Managment\Contacts-Managment.csproj", "{8F8F972F-EFA0-4AC1-AD63-BA1583C0D600}"
EndProject
Global
	GlobalSection(SolutionConfigurationPlatforms) = preSolution
		Debug|Any CPU = Debug|Any CPU
		Release|Any CPU = Release|Any CPU
	EndGlobalSection
	GlobalSection(ProjectConfigurationPlatforms) = postSolution
		{8F8F972F-EFA0-4AC1-AD63-BA1583C0D600}.Debug|Any CPU.ActiveCfg = Debug|Any CPU
		{8F8F972F-EFA0-4AC1-AD63-BA1583C0D600}.Debug|Any CPU.Build.0 = Debug|Any CPU
		{8F8F972F-EFA0-4AC1-AD63-BA1583C0D600}.Release|Any CPU.ActiveCfg = Release|Any CPU
		{8F8F972F-EFA0-4AC1-AD63-BA1583C0D600}.Release|Any CPU.Build.0 = Release|Any CPU
	EndGlobalSection
	GlobalSection(SolutionProperties) = preSolution
		HideSolutionNode = FALSE
	EndGlobalSection
	GlobalSection(ExtensibilityGlobals) = postSolution
		SolutionGuid = {DDC030F6-FB94-4205-83CB-E3A10B2FA2D3}
	EndGlobalSection
EndGlobal
